
Microsoft Visual Studio Solution File, Format Version 12.00
# Visual Studio Version 17
VisualStudioVersion = 17.7.34018.315
MinimumVisualStudioVersion = 10.0.40219.1
Project("{9A19103F-16F7-4668-BE54-9A1E7A4F7556}") = "ConsoleApp1", "ConsoleApp1\ConsoleApp1.csproj", "{AE311254-F1D8-4ED8-A04F-96DF48F6210B}"
EndProject
Project("{2150E333-8FDC-42A3-9474-1A3956D46DE8}") = "codigoconmayor", "codigoconmayor", "{BA7D8AB6-01EE-422C-BF96-5D512E4C79FF}"
EndProject
Project("{2150E333-8FDC-42A3-9474-1A3956D46DE8}") = "NewFolder2", "NewFolder2", "{46105E54-10CB-4207-887F-87C5C6AE2D20}"
EndProject
Project("{9A19103F-16F7-4668-BE54-9A1E7A4F7556}") = "ConsoleApp2", "ConsoleApp2\ConsoleApp2.csproj", "{648F5DC6-5CA0-408C-890B-EC2304803B94}"
EndProject
Project("{2150E333-8FDC-42A3-9474-1A3956D46DE8}") = "NewFolder3", "NewFolder3", "{14AF4EB9-DB7A-4E73-A1F9-F5B8FCCE7489}"
EndProject
Project("{9A19103F-16F7-4668-BE54-9A1E7A4F7556}") = "ConsoleApp3", "ConsoleApp3\ConsoleApp3.csproj", "{75BFABA7-7FC3-489D-9FC7-C4B199CCBBEA}"
EndProject
Global
	GlobalSection(SolutionConfigurationPlatforms) = preSolution
		Debug|Any CPU = Debug|Any CPU
		Release|Any CPU = Release|Any CPU
	EndGlobalSection
	GlobalSection(ProjectConfigurationPlatforms) = postSolution
		{AE311254-F1D8-4ED8-A04F-96DF48F6210B}.Debug|Any CPU.ActiveCfg = Debug|Any CPU
		{AE311254-F1D8-4ED8-A04F-96DF48F6210B}.Debug|Any CPU.Build.0 = Debug|Any CPU
		{AE311254-F1D8-4ED8-A04F-96DF48F6210B}.Release|Any CPU.ActiveCfg = Release|Any CPU
		{AE311254-F1D8-4ED8-A04F-96DF48F6210B}.Release|Any CPU.Build.0 = Release|Any CPU
		{648F5DC6-5CA0-408C-890B-EC2304803B94}.Debug|Any CPU.ActiveCfg = Debug|Any CPU
		{648F5DC6-5CA0-408C-890B-EC2304803B94}.Debug|Any CPU.Build.0 = Debug|Any CPU
		{648F5DC6-5CA0-408C-890B-EC2304803B94}.Release|Any CPU.ActiveCfg = Release|Any CPU
		{648F5DC6-5CA0-408C-890B-EC2304803B94}.Release|Any CPU.Build.0 = Release|Any CPU
		{75BFABA7-7FC3-489D-9FC7-C4B199CCBBEA}.Debug|Any CPU.ActiveCfg = Debug|Any CPU
		{75BFABA7-7FC3-489D-9FC7-C4B199CCBBEA}.Debug|Any CPU.Build.0 = Debug|Any CPU
		{75BFABA7-7FC3-489D-9FC7-C4B199CCBBEA}.Release|Any CPU.ActiveCfg = Release|Any CPU
		{75BFABA7-7FC3-489D-9FC7-C4B199CCBBEA}.Release|Any CPU.Build.0 = Release|Any CPU
	EndGlobalSection
	GlobalSection(SolutionProperties) = preSolution
		HideSolutionNode = FALSE
	EndGlobalSection
	GlobalSection(NestedProjects) = preSolution
		{AE311254-F1D8-4ED8-A04F-96DF48F6210B} = {BA7D8AB6-01EE-422C-BF96-5D512E4C79FF}
		{648F5DC6-5CA0-408C-890B-EC2304803B94} = {46105E54-10CB-4207-887F-87C5C6AE2D20}
		{75BFABA7-7FC3-489D-9FC7-C4B199CCBBEA} = {14AF4EB9-DB7A-4E73-A1F9-F5B8FCCE7489}
	EndGlobalSection
	GlobalSection(ExtensibilityGlobals) = postSolution
		SolutionGuid = {C94F3A5D-3825-4C35-A2FF-CFCE12FE5C4D}
	EndGlobalSection
EndGlobal
